
Microsoft Visual Studio Solution File, Format Version 12.00
# Visual Studio Version 17
VisualStudioVersion = 17.5.33530.505
MinimumVisualStudioVersion = 10.0.40219.1
Project("{FAE04EC0-301F-11D3-BF4B-00C04F79EFBC}") = "Superheltene", "Superheltene.csproj", "{6DF0E1A3-F6EA-4273-BA44-EF1C8F1E4909}"
EndProject
Global
	GlobalSection(SolutionConfigurationPlatforms) = preSolution
		Debug|Any CPU = Debug|Any CPU
		Release|Any CPU = Release|Any CPU
	EndGlobalSection
	GlobalSection(ProjectConfigurationPlatforms) = postSolution
		{6DF0E1A3-F6EA-4273-BA44-EF1C8F1E4909}.Debug|Any CPU.ActiveCfg = Debug|Any CPU
		{6DF0E1A3-F6EA-4273-BA44-EF1C8F1E4909}.Debug|Any CPU.Build.0 = Debug|Any CPU
		{6DF0E1A3-F6EA-4273-BA44-EF1C8F1E4909}.Release|Any CPU.ActiveCfg = Release|Any CPU
		{6DF0E1A3-F6EA-4273-BA44-EF1C8F1E4909}.Release|Any CPU.Build.0 = Release|Any CPU
	EndGlobalSection
	GlobalSection(SolutionProperties) = preSolution
		HideSolutionNode = FALSE
	EndGlobalSection
	GlobalSection(ExtensibilityGlobals) = postSolution
		SolutionGuid = {F91075C5-E741-41F1-8070-029B68B9160B}
	EndGlobalSection
EndGlobal
